<?xml version="1.0" encoding="utf-8"?>
<Project ToolsVersion="4.0" xmlns="http://schemas.microsoft.com/developer/msbuild/2003">
  <ItemGroup>
    <ClCompile Include="p2Log.cpp">
      <Filter>Programacio 2 ===========</Filter>
    </ClCompile>
    <ClCompile Include="PugiXml\src\pugixml.cpp">
      <Filter>Desenvolupament  ========\Tools\PuguiXML</Filter>
    </ClCompile>
    <ClCompile Include="j1Timer.cpp">
      <Filter>Desenvolupament  ========\Tools</Filter>
    </ClCompile>
    <ClCompile Include="j1PerfTimer.cpp">
      <Filter>Desenvolupament  ========\Tools</Filter>
    </ClCompile>
    <ClCompile Include="App.cpp">
      <Filter>Desenvolupament  ========</Filter>
    </ClCompile>
    <ClCompile Include="Main.cpp">
      <Filter>Desenvolupament  ========</Filter>
    </ClCompile>
    <ClCompile Include="FileSystem.cpp">
      <Filter>Desenvolupament  ========\Modules\Definitions</Filter>
    </ClCompile>
    <ClCompile Include="Input.cpp">
      <Filter>Desenvolupament  ========\Modules\Definitions</Filter>
    </ClCompile>
    <ClCompile Include="Render.cpp">
      <Filter>Desenvolupament  ========\Modules\Definitions</Filter>
    </ClCompile>
    <ClCompile Include="Textures.cpp">
      <Filter>Desenvolupament  ========\Modules\Definitions</Filter>
    </ClCompile>
    <ClCompile Include="Window.cpp">
      <Filter>Desenvolupament  ========\Modules\Definitions</Filter>
    </ClCompile>
    <ClCompile Include="Map.cpp">
      <Filter>Desenvolupament  ========\Modules\Definitions</Filter>
    </ClCompile>
    <ClCompile Include="Console.cpp">
      <Filter>Desenvolupament  ========\Modules\Definitions</Filter>
    </ClCompile>
    <ClCompile Include="Audio.cpp">
      <Filter>Desenvolupament  ========\Modules\Definitions</Filter>
    </ClCompile>
    <ClCompile Include="EntityManager.cpp">
      <Filter>Desenvolupament  ========\Modules\Definitions</Filter>
    </ClCompile>
    <ClCompile Include="Entity.cpp">
      <Filter>Desenvolupament  ========\Entities</Filter>
    </ClCompile>
    <ClCompile Include="FadeToBlack.cpp">
      <Filter>Desenvolupament  ========\Modules\Definitions</Filter>
    </ClCompile>
    <ClCompile Include="TestingScene.cpp">
      <Filter>Desenvolupament  ========\Scenes</Filter>
    </ClCompile>
    <ClCompile Include="UIElement.cpp">
      <Filter>Desenvolupament  ========\UI</Filter>
    </ClCompile>
    <ClCompile Include="Fonts.cpp">
      <Filter>Desenvolupament  ========\Modules\Definitions</Filter>
    </ClCompile>
    <ClCompile Include="Player.cpp">
      <Filter>Desenvolupament  ========\Entities</Filter>
    </ClCompile>
    <ClCompile Include="Paladin.cpp">
      <Filter>Desenvolupament  ========\Entities</Filter>
    </ClCompile>
    <ClCompile Include="Attributes.cpp">
      <Filter>Desenvolupament  ========\Modules\Definitions</Filter>
    </ClCompile>
    <ClCompile Include="UIManager.cpp">
      <Filter>Desenvolupament  ========\UI</Filter>
    </ClCompile>
    <ClCompile Include="MenuScene.cpp">
      <Filter>Desenvolupament  ========\Scenes</Filter>
    </ClCompile>
  </ItemGroup>
  <ItemGroup>
    <ClInclude Include="p2Defs.h">
      <Filter>Programacio 2 ===========</Filter>
    </ClInclude>
    <ClInclude Include="p2List.h">
      <Filter>Programacio 2 ===========</Filter>
    </ClInclude>
    <ClInclude Include="p2Log.h">
      <Filter>Programacio 2 ===========</Filter>
    </ClInclude>
    <ClInclude Include="PugiXml\src\pugiconfig.hpp">
      <Filter>Desenvolupament  ========\Tools\PuguiXML</Filter>
    </ClInclude>
    <ClInclude Include="PugiXml\src\pugixml.hpp">
      <Filter>Desenvolupament  ========\Tools\PuguiXML</Filter>
    </ClInclude>
    <ClInclude Include="j1Timer.h">
      <Filter>Desenvolupament  ========\Tools</Filter>
    </ClInclude>
    <ClInclude Include="j1PerfTimer.h">
      <Filter>Desenvolupament  ========\Tools</Filter>
    </ClInclude>
    <ClInclude Include="Module.h">
      <Filter>Desenvolupament  ========</Filter>
    </ClInclude>
    <ClInclude Include="App.h">
      <Filter>Desenvolupament  ========</Filter>
    </ClInclude>
    <ClInclude Include="p2Point.h">
      <Filter>Programacio 2 ===========</Filter>
    </ClInclude>
    <ClInclude Include="FileSystem.h">
      <Filter>Desenvolupament  ========\Modules\Headers</Filter>
    </ClInclude>
    <ClInclude Include="Input.h">
      <Filter>Desenvolupament  ========\Modules\Headers</Filter>
    </ClInclude>
    <ClInclude Include="Render.h">
      <Filter>Desenvolupament  ========\Modules\Headers</Filter>
    </ClInclude>
    <ClInclude Include="Textures.h">
      <Filter>Desenvolupament  ========\Modules\Headers</Filter>
    </ClInclude>
    <ClInclude Include="Window.h">
      <Filter>Desenvolupament  ========\Modules\Headers</Filter>
    </ClInclude>
    <ClInclude Include="Map.h">
      <Filter>Desenvolupament  ========\Modules\Headers</Filter>
    </ClInclude>
    <ClInclude Include="Console.h">
      <Filter>Desenvolupament  ========\Modules\Headers</Filter>
    </ClInclude>
    <ClInclude Include="Audio.h">
      <Filter>Desenvolupament  ========\Modules\Headers</Filter>
    </ClInclude>
    <ClInclude Include="EntityManager.h">
      <Filter>Desenvolupament  ========\Modules\Headers</Filter>
    </ClInclude>
    <ClInclude Include="Entity.h">
      <Filter>Desenvolupament  ========\Entities</Filter>
    </ClInclude>
    <ClInclude Include="FadeToBlack.h">
      <Filter>Desenvolupament  ========\Modules\Headers</Filter>
    </ClInclude>
    <ClInclude Include="TestingScene.h">
      <Filter>Desenvolupament  ========\Scenes</Filter>
    </ClInclude>
    <ClInclude Include="Animation.h">
      <Filter>Desenvolupament  ========\Modules\Headers</Filter>
    </ClInclude>
    <ClInclude Include="UIElement.h">
      <Filter>Desenvolupament  ========\UI</Filter>
    </ClInclude>
    <ClInclude Include="Fonts.h">
      <Filter>Desenvolupament  ========\Modules\Headers</Filter>
    </ClInclude>
    <ClInclude Include="Attributes.h">
      <Filter>Desenvolupament  ========\Modules\Headers</Filter>
    </ClInclude>
    <ClInclude Include="Player.h">
      <Filter>Desenvolupament  ========\Entities</Filter>
    </ClInclude>
    <ClInclude Include="Paladin.h">
      <Filter>Desenvolupament  ========\Entities</Filter>
    </ClInclude>
    <ClInclude Include="UIManager.h">
      <Filter>Desenvolupament  ========\UI</Filter>
    </ClInclude>
    <ClInclude Include="MenuScene.h">
      <Filter>Desenvolupament  ========\Scenes</Filter>
    </ClInclude>
  </ItemGroup>
  <ItemGroup>
    <Filter Include="Programacio 2 ===========">
      <UniqueIdentifier>{a8bfab6a-5472-4969-943e-861a8b493f08}</UniqueIdentifier>
    </Filter>
    <Filter Include="Desenvolupament  ========">
      <UniqueIdentifier>{cb944693-b9d0-484c-bad2-02d5a7cdbec6}</UniqueIdentifier>
    </Filter>
    <Filter Include="Desenvolupament  ========\Tools">
      <UniqueIdentifier>{42c748be-4a37-49de-970f-5be811d06b38}</UniqueIdentifier>
    </Filter>
    <Filter Include="Desenvolupament  ========\Scenes">
      <UniqueIdentifier>{e07660eb-d36f-4cc9-af59-324d31c2f2f6}</UniqueIdentifier>
    </Filter>
    <Filter Include="Desenvolupament  ========\Modules">
      <UniqueIdentifier>{244722d1-90ce-423d-8e7a-556211865a32}</UniqueIdentifier>
    </Filter>
    <Filter Include="Desenvolupament  ========\Tools\PuguiXML">
      <UniqueIdentifier>{7cb78d67-17cc-45eb-af97-e2106becce7b}</UniqueIdentifier>
    </Filter>
    <Filter Include="Desenvolupament  ========\Modules\Headers">
      <UniqueIdentifier>{f121b56b-9d8d-40ea-8050-9e5412117147}</UniqueIdentifier>
    </Filter>
    <Filter Include="Desenvolupament  ========\Modules\Definitions">
      <UniqueIdentifier>{3e13fb08-ab75-4c0d-9113-e8a92f10f2a4}</UniqueIdentifier>
    </Filter>
    <Filter Include="Desenvolupament  ========\Entities">
      <UniqueIdentifier>{f239074e-8be2-4b6d-85ed-d6251bfbb217}</UniqueIdentifier>
    </Filter>
    <Filter Include="Desenvolupament  ========\UI">
      <UniqueIdentifier>{2cdb9c71-e426-4745-8626-e82fb0554e3c}</UniqueIdentifier>
    </Filter>
  </ItemGroup>
</Project>